// !$*UTF8*$!
{
	archiveVersion = 1;
	classes = {
	};
	objectVersion = 56;
	objects = {

/* Begin PBXBuildFile section */
		3AAACABC2B88F825008C63A9 /* AppDelegate.swift in Sources */ = {isa = PBXBuildFile; fileRef = 3AAACABB2B88F825008C63A9 /* AppDelegate.swift */; };
		3AAACABE2B88F825008C63A9 /* SceneDelegate.swift in Sources */ = {isa = PBXBuildFile; fileRef = 3AAACABD2B88F825008C63A9 /* SceneDelegate.swift */; };
		3AAACAC32B88F825008C63A9 /* Main.storyboard in Resources */ = {isa = PBXBuildFile; fileRef = 3AAACAC12B88F825008C63A9 /* Main.storyboard */; };
		3AAACAC52B88F826008C63A9 /* Assets.xcassets in Resources */ = {isa = PBXBuildFile; fileRef = 3AAACAC42B88F826008C63A9 /* Assets.xcassets */; };
		3AAACAC82B88F826008C63A9 /* LaunchScreen.storyboard in Resources */ = {isa = PBXBuildFile; fileRef = 3AAACAC62B88F826008C63A9 /* LaunchScreen.storyboard */; };
		3AAACAD02B88F934008C63A9 /* BabeToDoTableViewController.swift in Sources */ = {isa = PBXBuildFile; fileRef = 3AAACACF2B88F934008C63A9 /* BabeToDoTableViewController.swift */; };
		3AAACAD22B8901E3008C63A9 /* BabeDetailViewController.swift in Sources */ = {isa = PBXBuildFile; fileRef = 3AAACAD12B8901E3008C63A9 /* BabeDetailViewController.swift */; };
		3AAACADB2B8D80C7008C63A9 /* DataModel.xcdatamodeld in Sources */ = {isa = PBXBuildFile; fileRef = 3AAACAD92B8D80C7008C63A9 /* DataModel.xcdatamodeld */; };
		3AAACB002B8E5716008C63A9 /* CategoryTableViewController.swift in Sources */ = {isa = PBXBuildFile; fileRef = 3AAACAFF2B8E5716008C63A9 /* CategoryTableViewController.swift */; };
/* End PBXBuildFile section */

/* Begin PBXFileReference section */
		3AAACAB82B88F825008C63A9 /* BabeCheckList.app */ = {isa = PBXFileReference; explicitFileType = wrapper.application; includeInIndex = 0; path = BabeCheckList.app; sourceTree = BUILT_PRODUCTS_DIR; };
		3AAACABB2B88F825008C63A9 /* AppDelegate.swift */ = {isa = PBXFileReference; lastKnownFileType = sourcecode.swift; path = AppDelegate.swift; sourceTree = "<group>"; };
		3AAACABD2B88F825008C63A9 /* SceneDelegate.swift */ = {isa = PBXFileReference; lastKnownFileType = sourcecode.swift; path = SceneDelegate.swift; sourceTree = "<group>"; };
		3AAACAC22B88F825008C63A9 /* Base */ = {isa = PBXFileReference; lastKnownFileType = file.storyboard; name = Base; path = Base.lproj/Main.storyboard; sourceTree = "<group>"; };
		3AAACAC42B88F826008C63A9 /* Assets.xcassets */ = {isa = PBXFileReference; lastKnownFileType = folder.assetcatalog; path = Assets.xcassets; sourceTree = "<group>"; };
		3AAACAC72B88F826008C63A9 /* Base */ = {isa = PBXFileReference; lastKnownFileType = file.storyboard; name = Base; path = Base.lproj/LaunchScreen.storyboard; sourceTree = "<group>"; };
		3AAACAC92B88F826008C63A9 /* Info.plist */ = {isa = PBXFileReference; lastKnownFileType = text.plist.xml; path = Info.plist; sourceTree = "<group>"; };
		3AAACACF2B88F934008C63A9 /* BabeToDoTableViewController.swift */ = {isa = PBXFileReference; lastKnownFileType = sourcecode.swift; path = BabeToDoTableViewController.swift; sourceTree = "<group>"; };
		3AAACAD12B8901E3008C63A9 /* BabeDetailViewController.swift */ = {isa = PBXFileReference; lastKnownFileType = sourcecode.swift; path = BabeDetailViewController.swift; sourceTree = "<group>"; };
		3AAACADA2B8D80C7008C63A9 /* DataModel.xcdatamodel */ = {isa = PBXFileReference; lastKnownFileType = wrapper.xcdatamodel; path = DataModel.xcdatamodel; sourceTree = "<group>"; };
		3AAACAFF2B8E5716008C63A9 /* CategoryTableViewController.swift */ = {isa = PBXFileReference; lastKnownFileType = sourcecode.swift; path = CategoryTableViewController.swift; sourceTree = "<group>"; };
/* End PBXFileReference section */

/* Begin PBXFrameworksBuildPhase section */
		3AAACAB52B88F825008C63A9 /* Frameworks */ = {
			isa = PBXFrameworksBuildPhase;
			buildActionMask = 2147483647;
			files = (
			);
			runOnlyForDeploymentPostprocessing = 0;
		};
/* End PBXFrameworksBuildPhase section */

/* Begin PBXGroup section */
		3AAACAAF2B88F825008C63A9 = {
			isa = PBXGroup;
			children = (
				3AAACABA2B88F825008C63A9 /* BabeCheckList */,
				3AAACAB92B88F825008C63A9 /* Products */,
			);
			sourceTree = "<group>";
		};
		3AAACAB92B88F825008C63A9 /* Products */ = {
			isa = PBXGroup;
			children = (
				3AAACAB82B88F825008C63A9 /* BabeCheckList.app */,
			);
			name = Products;
			sourceTree = "<group>";
		};
		3AAACABA2B88F825008C63A9 /* BabeCheckList */ = {
			isa = PBXGroup;
			children = (
				3AAACAD82B8A7C9E008C63A9 /* Controllers */,
				3AAACAD72B8A7BE8008C63A9 /* SupportingFiles */,
				3AAACAD62B8A7BD7008C63A9 /* MainStoryboard */,
				3AAACAC62B88F826008C63A9 /* LaunchScreen.storyboard */,
				3AAACAD52B8A7BCA008C63A9 /* Model */,
			);
			path = BabeCheckList;
			sourceTree = "<group>";
		};
		3AAACAD52B8A7BCA008C63A9 /* Model */ = {
			isa = PBXGroup;
			children = (
			);
			path = Model;
			sourceTree = "<group>";
		};
		3AAACAD62B8A7BD7008C63A9 /* MainStoryboard */ = {
			isa = PBXGroup;
			children = (
				3AAACAC12B88F825008C63A9 /* Main.storyboard */,
			);
			path = MainStoryboard;
			sourceTree = "<group>";
		};
		3AAACAD72B8A7BE8008C63A9 /* SupportingFiles */ = {
			isa = PBXGroup;
			children = (
				3AAACABB2B88F825008C63A9 /* AppDelegate.swift */,
				3AAACABD2B88F825008C63A9 /* SceneDelegate.swift */,
				3AAACAC42B88F826008C63A9 /* Assets.xcassets */,
				3AAACAC92B88F826008C63A9 /* Info.plist */,
				3AAACAD92B8D80C7008C63A9 /* DataModel.xcdatamodeld */,
			);
			path = SupportingFiles;
			sourceTree = "<group>";
		};
		3AAACAD82B8A7C9E008C63A9 /* Controllers */ = {
			isa = PBXGroup;
			children = (
				3AAACAFF2B8E5716008C63A9 /* CategoryTableViewController.swift */,
				3AAACACF2B88F934008C63A9 /* BabeToDoTableViewController.swift */,
				3AAACAD12B8901E3008C63A9 /* BabeDetailViewController.swift */,
			);
			path = Controllers;
			sourceTree = "<group>";
		};
/* End PBXGroup section */

/* Begin PBXNativeTarget section */
		3AAACAB72B88F825008C63A9 /* BabeCheckList */ = {
			isa = PBXNativeTarget;
			buildConfigurationList = 3AAACACC2B88F826008C63A9 /* Build configuration list for PBXNativeTarget "BabeCheckList" */;
			buildPhases = (
				3AAACAB42B88F825008C63A9 /* Sources */,
				3AAACAB52B88F825008C63A9 /* Frameworks */,
				3AAACAB62B88F825008C63A9 /* Resources */,
			);
			buildRules = (
			);
			dependencies = (
			);
			name = BabeCheckList;
			productName = BabeCheckList;
			productReference = 3AAACAB82B88F825008C63A9 /* BabeCheckList.app */;
			productType = "com.apple.product-type.application";
		};
/* End PBXNativeTarget section */

/* Begin PBXProject section */
		3AAACAB02B88F825008C63A9 /* Project object */ = {
			isa = PBXProject;
			attributes = {
				BuildIndependentTargetsInParallel = 1;
				LastSwiftUpdateCheck = 1520;
				LastUpgradeCheck = 1520;
				TargetAttributes = {
					3AAACAB72B88F825008C63A9 = {
						CreatedOnToolsVersion = 15.2;
					};
				};
			};
			buildConfigurationList = 3AAACAB32B88F825008C63A9 /* Build configuration list for PBXProject "BabeCheckList" */;
			compatibilityVersion = "Xcode 14.0";
			developmentRegion = en;
			hasScannedForEncodings = 0;
			knownRegions = (
				en,
				Base,
			);
			mainGroup = 3AAACAAF2B88F825008C63A9;
			productRefGroup = 3AAACAB92B88F825008C63A9 /* Products */;
			projectDirPath = "";
			projectRoot = "";
			targets = (
				3AAACAB72B88F825008C63A9 /* BabeCheckList */,
			);
		};
/* End PBXProject section */

/* Begin PBXResourcesBuildPhase section */
		3AAACAB62B88F825008C63A9 /* Resources */ = {
			isa = PBXResourcesBuildPhase;
			buildActionMask = 2147483647;
			files = (
				3AAACAC82B88F826008C63A9 /* LaunchScreen.storyboard in Resources */,
				3AAACAC52B88F826008C63A9 /* Assets.xcassets in Resources */,
				3AAACAC32B88F825008C63A9 /* Main.storyboard in Resources */,
			);
			runOnlyForDeploymentPostprocessing = 0;
		};
/* End PBXResourcesBuildPhase section */

/* Begin PBXSourcesBuildPhase section */
		3AAACAB42B88F825008C63A9 /* Sources */ = {
			isa = PBXSourcesBuildPhase;
			buildActionMask = 2147483647;
			files = (
				3AAACABC2B88F825008C63A9 /* AppDelegate.swift in Sources */,
				3AAACAD22B8901E3008C63A9 /* BabeDetailViewController.swift in Sources */,
				3AAACADB2B8D80C7008C63A9 /* DataModel.xcdatamodeld in Sources */,
				3AAACABE2B88F825008C63A9 /* SceneDelegate.swift in Sources */,
				3AAACAD02B88F934008C63A9 /* BabeToDoTableViewController.swift in Sources */,
				3AAACB002B8E5716008C63A9 /* CategoryTableViewController.swift in Sources */,
			);
			runOnlyForDeploymentPostprocessing = 0;
		};
/* End PBXSourcesBuildPhase section */

/* Begin PBXVariantGroup section */
		3AAACAC12B88F825008C63A9 /* Main.storyboard */ = {
			isa = PBXVariantGroup;
			children = (
				3AAACAC22B88F825008C63A9 /* Base */,
			);
			name = Main.storyboard;
			sourceTree = "<group>";
		};
		3AAACAC62B88F826008C63A9 /* LaunchScreen.storyboard */ = {
			isa = PBXVariantGroup;
			children = (
				3AAACAC72B88F826008C63A9 /* Base */,
			);
			name = LaunchScreen.storyboard;
			sourceTree = "<group>";
		};
/* End PBXVariantGroup section */

/* Begin XCBuildConfiguration section */
		3AAACACA2B88F826008C63A9 /* Debug */ = {
			isa = XCBuildConfiguration;
			buildSettings = {
				ALWAYS_SEARCH_USER_PATHS = NO;
				ASSETCATALOG_COMPILER_GENERATE_SWIFT_ASSET_SYMBOL_EXTENSIONS = YES;
				CLANG_ANALYZER_NONNULL = YES;
				CLANG_ANALYZER_NUMBER_OBJECT_CONVERSION = YES_AGGRESSIVE;
				CLANG_CXX_LANGUAGE_STANDARD = "gnu++20";
				CLANG_ENABLE_MODULES = YES;
				CLANG_ENABLE_OBJC_ARC = YES;
				CLANG_ENABLE_OBJC_WEAK = YES;
				CLANG_WARN_BLOCK_CAPTURE_AUTORELEASING = YES;
				CLANG_WARN_BOOL_CONVERSION = YES;
				CLANG_WARN_COMMA = YES;
				CLANG_WARN_CONSTANT_CONVERSION = YES;
				CLANG_WARN_DEPRECATED_OBJC_IMPLEMENTATIONS = YES;
				CLANG_WARN_DIRECT_OBJC_ISA_USAGE = YES_ERROR;
				CLANG_WARN_DOCUMENTATION_COMMENTS = YES;
				CLANG_WARN_EMPTY_BODY = YES;
				CLANG_WARN_ENUM_CONVERSION = YES;
				CLANG_WARN_INFINITE_RECURSION = YES;
				CLANG_WARN_INT_CONVERSION = YES;
				CLANG_WARN_NON_LITERAL_NULL_CONVERSION = YES;
				CLANG_WARN_OBJC_IMPLICIT_RETAIN_SELF = YES;
				CLANG_WARN_OBJC_LITERAL_CONVERSION = YES;
				CLANG_WARN_OBJC_ROOT_CLASS = YES_ERROR;
				CLANG_WARN_QUOTED_INCLUDE_IN_FRAMEWORK_HEADER = YES;
				CLANG_WARN_RANGE_LOOP_ANALYSIS = YES;
				CLANG_WARN_STRICT_PROTOTYPES = YES;
				CLANG_WARN_SUSPICIOUS_MOVE = YES;
				CLANG_WARN_UNGUARDED_AVAILABILITY = YES_AGGRESSIVE;
				CLANG_WARN_UNREACHABLE_CODE = YES;
				CLANG_WARN__DUPLICATE_METHOD_MATCH = YES;
				COPY_PHASE_STRIP = NO;
				DEBUG_INFORMATION_FORMAT = dwarf;
				ENABLE_STRICT_OBJC_MSGSEND = YES;
				ENABLE_TESTABILITY = YES;
				ENABLE_USER_SCRIPT_SANDBOXING = YES;
				GCC_C_LANGUAGE_STANDARD = gnu17;
				GCC_DYNAMIC_NO_PIC = NO;
				GCC_NO_COMMON_BLOCKS = YES;
				GCC_OPTIMIZATION_LEVEL = 0;
				GCC_PREPROCESSOR_DEFINITIONS = (
					"DEBUG=1",
					"$(inherited)",
				);
				GCC_WARN_64_TO_32_BIT_CONVERSION = YES;
				GCC_WARN_ABOUT_RETURN_TYPE = YES_ERROR;
				GCC_WARN_UNDECLARED_SELECTOR = YES;
				GCC_WARN_UNINITIALIZED_AUTOS = YES_AGGRESSIVE;
				GCC_WARN_UNUSED_FUNCTION = YES;
				GCC_WARN_UNUSED_VARIABLE = YES;
				IPHONEOS_DEPLOYMENT_TARGET = 17.2;
				LOCALIZATION_PREFERS_STRING_CATALOGS = YES;
				MTL_ENABLE_DEBUG_INFO = INCLUDE_SOURCE;
				MTL_FAST_MATH = YES;
				ONLY_ACTIVE_ARCH = YES;
				SDKROOT = iphoneos;
				SWIFT_ACTIVE_COMPILATION_CONDITIONS = "DEBUG $(inherited)";
				SWIFT_OPTIMIZATION_LEVEL = "-Onone";
			};
			name = Debug;
		};
		3AAACACB2B88F826008C63A9 /* Release */ = {
			isa = XCBuildConfiguration;
			buildSettings = {
				ALWAYS_SEARCH_USER_PATHS = NO;
				ASSETCATALOG_COMPILER_GENERATE_SWIFT_ASSET_SYMBOL_EXTENSIONS = YES;
				CLANG_ANALYZER_NONNULL = YES;
				CLANG_ANALYZER_NUMBER_OBJECT_CONVERSION = YES_AGGRESSIVE;
				CLANG_CXX_LANGUAGE_STANDARD = "gnu++20";
				CLANG_ENABLE_MODULES = YES;
				CLANG_ENABLE_OBJC_ARC = YES;
				CLANG_ENABLE_OBJC_WEAK = YES;
				CLANG_WARN_BLOCK_CAPTURE_AUTORELEASING = YES;
				CLANG_WARN_BOOL_CONVERSION = YES;
				CLANG_WARN_COMMA = YES;
				CLANG_WARN_CONSTANT_CONVERSION = YES;
				CLANG_WARN_DEPRECATED_OBJC_IMPLEMENTATIONS = YES;
				CLANG_WARN_DIRECT_OBJC_ISA_USAGE = YES_ERROR;
				CLANG_WARN_DOCUMENTATION_COMMENTS = YES;
				CLANG_WARN_EMPTY_BODY = YES;
				CLANG_WARN_ENUM_CONVERSION = YES;
				CLANG_WARN_INFINITE_RECURSION = YES;
				CLANG_WARN_INT_CONVERSION = YES;
				CLANG_WARN_NON_LITERAL_NULL_CONVERSION = YES;
				CLANG_WARN_OBJC_IMPLICIT_RETAIN_SELF = YES;
				CLANG_WARN_OBJC_LITERAL_CONVERSION = YES;
				CLANG_WARN_OBJC_ROOT_CLASS = YES_ERROR;
				CLANG_WARN_QUOTED_INCLUDE_IN_FRAMEWORK_HEADER = YES;
				CLANG_WARN_RANGE_LOOP_ANALYSIS = YES;
				CLANG_WARN_STRICT_PROTOTYPES = YES;
				CLANG_WARN_SUSPICIOUS_MOVE = YES;
				CLANG_WARN_UNGUARDED_AVAILABILITY = YES_AGGRESSIVE;
				CLANG_WARN_UNREACHABLE_CODE = YES;
				CLANG_WARN__DUPLICATE_METHOD_MATCH = YES;
				COPY_PHASE_STRIP = NO;
				DEBUG_INFORMATION_FORMAT = "dwarf-with-dsym";
				ENABLE_NS_ASSERTIONS = NO;
				ENABLE_STRICT_OBJC_MSGSEND = YES;
				ENABLE_USER_SCRIPT_SANDBOXING = YES;
				GCC_C_LANGUAGE_STANDARD = gnu17;
				GCC_NO_COMMON_BLOCKS = YES;
				GCC_WARN_64_TO_32_BIT_CONVERSION = YES;
				GCC_WARN_ABOUT_RETURN_TYPE = YES_ERROR;
				GCC_WARN_UNDECLARED_SELECTOR = YES;
				GCC_WARN_UNINITIALIZED_AUTOS = YES_AGGRESSIVE;
				GCC_WARN_UNUSED_FUNCTION = YES;
				GCC_WARN_UNUSED_VARIABLE = YES;
				IPHONEOS_DEPLOYMENT_TARGET = 17.2;
				LOCALIZATION_PREFERS_STRING_CATALOGS = YES;
				MTL_ENABLE_DEBUG_INFO = NO;
				MTL_FAST_MATH = YES;
				SDKROOT = iphoneos;
				SWIFT_COMPILATION_MODE = wholemodule;
				VALIDATE_PRODUCT = YES;
			};
			name = Release;
		};
		3AAACACD2B88F826008C63A9 /* Debug */ = {
			isa = XCBuildConfiguration;
			buildSettings = {
				ASSETCATALOG_COMPILER_APPICON_NAME = AppIcon;
				ASSETCATALOG_COMPILER_GLOBAL_ACCENT_COLOR_NAME = AccentColor;
				CODE_SIGN_STYLE = Automatic;
				CURRENT_PROJECT_VERSION = 1;
				DEVELOPMENT_TEAM = X5MZCV93J6;
				GENERATE_INFOPLIST_FILE = YES;
				INFOPLIST_FILE = BabeCheckList/SupportingFiles/Info.plist;
				INFOPLIST_KEY_UIApplicationSupportsIndirectInputEvents = YES;
				INFOPLIST_KEY_UILaunchStoryboardName = LaunchScreen;
				INFOPLIST_KEY_UIMainStoryboardFile = Main;
				INFOPLIST_KEY_UISupportedInterfaceOrientations_iPad = "UIInterfaceOrientationPortrait UIInterfaceOrientationPortraitUpsideDown UIInterfaceOrientationLandscapeLeft UIInterfaceOrientationLandscapeRight";
				INFOPLIST_KEY_UISupportedInterfaceOrientations_iPhone = "UIInterfaceOrientationPortrait UIInterfaceOrientationLandscapeLeft UIInterfaceOrientationLandscapeRight";
				LD_RUNPATH_SEARCH_PATHS = (
					"$(inherited)",
					"@executable_path/Frameworks",
				);
				MARKETING_VERSION = 1.0;
				PRODUCT_BUNDLE_IDENTIFIER = BABYB.BabeCheckList;
				PRODUCT_NAME = "$(TARGET_NAME)";
				SWIFT_EMIT_LOC_STRINGS = YES;
				SWIFT_VERSION = 5.0;
				TARGETED_DEVICE_FAMILY = "1,2";
			};
			name = Debug;
		};
		3AAACACE2B88F826008C63A9 /* Release */ = {
			isa = XCBuildConfiguration;
			buildSettings = {
				ASSETCATALOG_COMPILER_APPICON_NAME = AppIcon;
				ASSETCATALOG_COMPILER_GLOBAL_ACCENT_COLOR_NAME = AccentColor;
				CODE_SIGN_STYLE = Automatic;
				CURRENT_PROJECT_VERSION = 1;
				DEVELOPMENT_TEAM = X5MZCV93J6;
				GENERATE_INFOPLIST_FILE = YES;
				INFOPLIST_FILE = BabeCheckList/SupportingFiles/Info.plist;
				INFOPLIST_KEY_UIApplicationSupportsIndirectInputEvents = YES;
				INFOPLIST_KEY_UILaunchStoryboardName = LaunchScreen;
				INFOPLIST_KEY_UIMainStoryboardFile = Main;
				INFOPLIST_KEY_UISupportedInterfaceOrientations_iPad = "UIInterfaceOrientationPortrait UIInterfaceOrientationPortraitUpsideDown UIInterfaceOrientationLandscapeLeft UIInterfaceOrientationLandscapeRight";
				INFOPLIST_KEY_UISupportedInterfaceOrientations_iPhone = "UIInterfaceOrientationPortrait UIInterfaceOrientationLandscapeLeft UIInterfaceOrientationLandscapeRight";
				LD_RUNPATH_SEARCH_PATHS = (
					"$(inherited)",
					"@executable_path/Frameworks",
				);
				MARKETING_VERSION = 1.0;
				PRODUCT_BUNDLE_IDENTIFIER = BABYB.BabeCheckList;
				PRODUCT_NAME = "$(TARGET_NAME)";
				SWIFT_EMIT_LOC_STRINGS = YES;
				SWIFT_VERSION = 5.0;
				TARGETED_DEVICE_FAMILY = "1,2";
			};
			name = Release;
		};
/* End XCBuildConfiguration section */

/* Begin XCConfigurationList section */
		3AAACAB32B88F825008C63A9 /* Build configuration list for PBXProject "BabeCheckList" */ = {
			isa = XCConfigurationList;
			buildConfigurations = (
				3AAACACA2B88F826008C63A9 /* Debug */,
				3AAACACB2B88F826008C63A9 /* Release */,
			);
			defaultConfigurationIsVisible = 0;
			defaultConfigurationName = Release;
		};
		3AAACACC2B88F826008C63A9 /* Build configuration list for PBXNativeTarget "BabeCheckList" */ = {
			isa = XCConfigurationList;
			buildConfigurations = (
				3AAACACD2B88F826008C63A9 /* Debug */,
				3AAACACE2B88F826008C63A9 /* Release */,
			);
			defaultConfigurationIsVisible = 0;
			defaultConfigurationName = Release;
		};
/* End XCConfigurationList section */

/* Begin XCVersionGroup section */
		3AAACAD92B8D80C7008C63A9 /* DataModel.xcdatamodeld */ = {
			isa = XCVersionGroup;
			children = (
				3AAACADA2B8D80C7008C63A9 /* DataModel.xcdatamodel */,
			);
			currentVersion = 3AAACADA2B8D80C7008C63A9 /* DataModel.xcdatamodel */;
			path = DataModel.xcdatamodeld;
			sourceTree = "<group>";
			versionGroupType = wrapper.xcdatamodel;
		};
/* End XCVersionGroup section */
	};
	rootObject = 3AAACAB02B88F825008C63A9 /* Project object */;
}
